
Microsoft Visual Studio Solution File, Format Version 12.00
# Visual Studio 15
VisualStudioVersion = 15.0.28307.168
MinimumVisualStudioVersion = 10.0.40219.1
Project("{9A19103F-16F7-4668-BE54-9A1E7A4F7556}") = "LzEventManagement", "LzEventManagement\LzEventManagement.csproj", "{D0873028-B545-4D16-839B-520CE03CE0ED}"
EndProject
Project("{9A19103F-16F7-4668-BE54-9A1E7A4F7556}") = "NotifyContributors1", "NotifyContributors1\NotifyContributors1.csproj", "{954139EE-57E8-4E2F-BE5E-5B7EE61DC4D2}"
EndProject
Global
	GlobalSection(SolutionConfigurationPlatforms) = preSolution
		Debug|Any CPU = Debug|Any CPU
		Release|Any CPU = Release|Any CPU
	EndGlobalSection
	GlobalSection(ProjectConfigurationPlatforms) = postSolution
		{D0873028-B545-4D16-839B-520CE03CE0ED}.Debug|Any CPU.ActiveCfg = Debug|Any CPU
		{D0873028-B545-4D16-839B-520CE03CE0ED}.Debug|Any CPU.Build.0 = Debug|Any CPU
		{D0873028-B545-4D16-839B-520CE03CE0ED}.Release|Any CPU.ActiveCfg = Release|Any CPU
		{D0873028-B545-4D16-839B-520CE03CE0ED}.Release|Any CPU.Build.0 = Release|Any CPU
		{954139EE-57E8-4E2F-BE5E-5B7EE61DC4D2}.Debug|Any CPU.ActiveCfg = Debug|Any CPU
		{954139EE-57E8-4E2F-BE5E-5B7EE61DC4D2}.Debug|Any CPU.Build.0 = Debug|Any CPU
		{954139EE-57E8-4E2F-BE5E-5B7EE61DC4D2}.Release|Any CPU.ActiveCfg = Release|Any CPU
		{954139EE-57E8-4E2F-BE5E-5B7EE61DC4D2}.Release|Any CPU.Build.0 = Release|Any CPU
	EndGlobalSection
	GlobalSection(SolutionProperties) = preSolution
		HideSolutionNode = FALSE
	EndGlobalSection
	GlobalSection(ExtensibilityGlobals) = postSolution
		SolutionGuid = {A4A4AE0B-1179-46D0-A474-7E627FE4B50D}
	EndGlobalSection
EndGlobal
